
Microsoft Visual Studio Solution File, Format Version 12.00
# Visual Studio Version 17
VisualStudioVersion = 17.5.33627.172
MinimumVisualStudioVersion = 10.0.40219.1
Project("{FAE04EC0-301F-11D3-BF4B-00C04F79EFBC}") = "ADMControl.Dominio", "ADMControl.Dominio\ADMControl.Dominio.csproj", "{C2F1523B-1758-4D77-97A7-B6F4D3749ED5}"
EndProject
Project("{FAE04EC0-301F-11D3-BF4B-00C04F79EFBC}") = "ADMControl.Web", "ADMControl.Web\ADMControl.Web.csproj", "{EFC59CDA-CF42-44D7-85C9-D4B8C852D2DC}"
EndProject
Global
	GlobalSection(SolutionConfigurationPlatforms) = preSolution
		Debug|Any CPU = Debug|Any CPU
		Release|Any CPU = Release|Any CPU
	EndGlobalSection
	GlobalSection(ProjectConfigurationPlatforms) = postSolution
		{C2F1523B-1758-4D77-97A7-B6F4D3749ED5}.Debug|Any CPU.ActiveCfg = Debug|Any CPU
		{C2F1523B-1758-4D77-97A7-B6F4D3749ED5}.Debug|Any CPU.Build.0 = Debug|Any CPU
		{C2F1523B-1758-4D77-97A7-B6F4D3749ED5}.Release|Any CPU.ActiveCfg = Release|Any CPU
		{C2F1523B-1758-4D77-97A7-B6F4D3749ED5}.Release|Any CPU.Build.0 = Release|Any CPU
		{EFC59CDA-CF42-44D7-85C9-D4B8C852D2DC}.Debug|Any CPU.ActiveCfg = Debug|Any CPU
		{EFC59CDA-CF42-44D7-85C9-D4B8C852D2DC}.Debug|Any CPU.Build.0 = Debug|Any CPU
		{EFC59CDA-CF42-44D7-85C9-D4B8C852D2DC}.Release|Any CPU.ActiveCfg = Release|Any CPU
		{EFC59CDA-CF42-44D7-85C9-D4B8C852D2DC}.Release|Any CPU.Build.0 = Release|Any CPU
	EndGlobalSection
	GlobalSection(SolutionProperties) = preSolution
		HideSolutionNode = FALSE
	EndGlobalSection
	GlobalSection(ExtensibilityGlobals) = postSolution
		SolutionGuid = {884722F9-C7E0-4268-8369-4504D80752BA}
	EndGlobalSection
EndGlobal
